
Microsoft Visual Studio Solution File, Format Version 12.00
# Visual Studio Version 17
VisualStudioVersion = 17.8.34309.116
MinimumVisualStudioVersion = 10.0.40219.1
Project("{FAE04EC0-301F-11D3-BF4B-00C04F79EFBC}") = "RomanNumbers", "RomanNumbers\RomanNumbers.csproj", "{80E8FED9-E3CF-4730-91C7-E15FB93AE69E}"
EndProject
Global
	GlobalSection(SolutionConfigurationPlatforms) = preSolution
		Debug|Any CPU = Debug|Any CPU
		Release|Any CPU = Release|Any CPU
	EndGlobalSection
	GlobalSection(ProjectConfigurationPlatforms) = postSolution
		{80E8FED9-E3CF-4730-91C7-E15FB93AE69E}.Debug|Any CPU.ActiveCfg = Debug|Any CPU
		{80E8FED9-E3CF-4730-91C7-E15FB93AE69E}.Debug|Any CPU.Build.0 = Debug|Any CPU
		{80E8FED9-E3CF-4730-91C7-E15FB93AE69E}.Release|Any CPU.ActiveCfg = Release|Any CPU
		{80E8FED9-E3CF-4730-91C7-E15FB93AE69E}.Release|Any CPU.Build.0 = Release|Any CPU
	EndGlobalSection
	GlobalSection(SolutionProperties) = preSolution
		HideSolutionNode = FALSE
	EndGlobalSection
	GlobalSection(ExtensibilityGlobals) = postSolution
		SolutionGuid = {14B61235-DDE7-4CF1-84E1-3ABD8F920D50}
	EndGlobalSection
EndGlobal
